
Microsoft Visual Studio Solution File, Format Version 12.00
# Visual Studio Version 17
VisualStudioVersion = 17.8.34330.188
MinimumVisualStudioVersion = 10.0.40219.1
Project("{9A19103F-16F7-4668-BE54-9A1E7A4F7556}") = "ApiCatalogo", "DesafioAnotaAi\ApiCatalogo.csproj", "{4D1DD238-3BB7-4A79-A189-C4CBBD2EF631}"
EndProject
Project("{E53339B2-1760-4266-BCC7-CA923CBCF16C}") = "docker-compose", "docker-compose.dcproj", "{C1197E04-EEEF-4649-B154-5439DC7F4EE2}"
EndProject
Project("{2150E333-8FDC-42A3-9474-1A3956D46DE8}") = "Solution Items", "Solution Items", "{4A459555-DB23-4290-B28D-F145FBBD2B43}"
	ProjectSection(SolutionItems) = preProject
		README.md = README.md
	EndProjectSection
EndProject
Global
	GlobalSection(SolutionConfigurationPlatforms) = preSolution
		Debug|Any CPU = Debug|Any CPU
		Release|Any CPU = Release|Any CPU
	EndGlobalSection
	GlobalSection(ProjectConfigurationPlatforms) = postSolution
		{4D1DD238-3BB7-4A79-A189-C4CBBD2EF631}.Debug|Any CPU.ActiveCfg = Debug|Any CPU
		{4D1DD238-3BB7-4A79-A189-C4CBBD2EF631}.Debug|Any CPU.Build.0 = Debug|Any CPU
		{4D1DD238-3BB7-4A79-A189-C4CBBD2EF631}.Release|Any CPU.ActiveCfg = Release|Any CPU
		{4D1DD238-3BB7-4A79-A189-C4CBBD2EF631}.Release|Any CPU.Build.0 = Release|Any CPU
		{C1197E04-EEEF-4649-B154-5439DC7F4EE2}.Debug|Any CPU.ActiveCfg = Debug|Any CPU
		{C1197E04-EEEF-4649-B154-5439DC7F4EE2}.Debug|Any CPU.Build.0 = Debug|Any CPU
		{C1197E04-EEEF-4649-B154-5439DC7F4EE2}.Release|Any CPU.ActiveCfg = Release|Any CPU
		{C1197E04-EEEF-4649-B154-5439DC7F4EE2}.Release|Any CPU.Build.0 = Release|Any CPU
	EndGlobalSection
	GlobalSection(SolutionProperties) = preSolution
		HideSolutionNode = FALSE
	EndGlobalSection
	GlobalSection(ExtensibilityGlobals) = postSolution
		SolutionGuid = {349CA7CA-4E84-4FBA-8E72-E17B372127F5}
	EndGlobalSection
EndGlobal
